
Microsoft Visual Studio Solution File, Format Version 12.00
# Visual Studio Version 17
VisualStudioVersion = 17.9.34622.214
MinimumVisualStudioVersion = 10.0.40219.1
Project("{FAE04EC0-301F-11D3-BF4B-00C04F79EFBC}") = "ficha2-client", "ficha2-client.csproj", "{2E6C1C83-F11C-41B9-86D7-8AA1BBCF56E1}"
EndProject
Project("{FAE04EC0-301F-11D3-BF4B-00C04F79EFBC}") = "ficha2-server1", "..\ficha2-server1\ficha2-server1.csproj", "{1A191A0B-270D-4792-B9A2-92DD9479EBD9}"
EndProject
Project("{FAE04EC0-301F-11D3-BF4B-00C04F79EFBC}") = "ficha2-server2", "..\ficha2-server2\ficha2-server2.csproj", "{AD4E4A9B-D5CD-45B6-8030-41AC0887FCDB}"
EndProject
Project("{FAE04EC0-301F-11D3-BF4B-00C04F79EFBC}") = "ficha2-server3", "..\ficha2-server3\ficha2-server3.csproj", "{25DA743B-43A3-4C3E-B6B1-10609514D8FE}"
EndProject
Global
	GlobalSection(SolutionConfigurationPlatforms) = preSolution
		Debug|Any CPU = Debug|Any CPU
		Release|Any CPU = Release|Any CPU
	EndGlobalSection
	GlobalSection(ProjectConfigurationPlatforms) = postSolution
		{2E6C1C83-F11C-41B9-86D7-8AA1BBCF56E1}.Debug|Any CPU.ActiveCfg = Debug|Any CPU
		{2E6C1C83-F11C-41B9-86D7-8AA1BBCF56E1}.Debug|Any CPU.Build.0 = Debug|Any CPU
		{2E6C1C83-F11C-41B9-86D7-8AA1BBCF56E1}.Release|Any CPU.ActiveCfg = Release|Any CPU
		{2E6C1C83-F11C-41B9-86D7-8AA1BBCF56E1}.Release|Any CPU.Build.0 = Release|Any CPU
		{1A191A0B-270D-4792-B9A2-92DD9479EBD9}.Debug|Any CPU.ActiveCfg = Debug|Any CPU
		{1A191A0B-270D-4792-B9A2-92DD9479EBD9}.Debug|Any CPU.Build.0 = Debug|Any CPU
		{1A191A0B-270D-4792-B9A2-92DD9479EBD9}.Release|Any CPU.ActiveCfg = Release|Any CPU
		{1A191A0B-270D-4792-B9A2-92DD9479EBD9}.Release|Any CPU.Build.0 = Release|Any CPU
		{AD4E4A9B-D5CD-45B6-8030-41AC0887FCDB}.Debug|Any CPU.ActiveCfg = Debug|Any CPU
		{AD4E4A9B-D5CD-45B6-8030-41AC0887FCDB}.Debug|Any CPU.Build.0 = Debug|Any CPU
		{AD4E4A9B-D5CD-45B6-8030-41AC0887FCDB}.Release|Any CPU.ActiveCfg = Release|Any CPU
		{AD4E4A9B-D5CD-45B6-8030-41AC0887FCDB}.Release|Any CPU.Build.0 = Release|Any CPU
		{25DA743B-43A3-4C3E-B6B1-10609514D8FE}.Debug|Any CPU.ActiveCfg = Debug|Any CPU
		{25DA743B-43A3-4C3E-B6B1-10609514D8FE}.Debug|Any CPU.Build.0 = Debug|Any CPU
		{25DA743B-43A3-4C3E-B6B1-10609514D8FE}.Release|Any CPU.ActiveCfg = Release|Any CPU
		{25DA743B-43A3-4C3E-B6B1-10609514D8FE}.Release|Any CPU.Build.0 = Release|Any CPU
	EndGlobalSection
	GlobalSection(SolutionProperties) = preSolution
		HideSolutionNode = FALSE
	EndGlobalSection
	GlobalSection(ExtensibilityGlobals) = postSolution
		SolutionGuid = {351EB63D-6992-4A92-B69F-9D138F52B33D}
	EndGlobalSection
EndGlobal
